// !$*UTF8*$!
{
	archiveVersion = 1;
	classes = {
	};
	objectVersion = 50;
	objects = {

/* Begin PBXBuildFile section */
		FA06C7A62476B68200B8CD12 /* SecondView.swift in Sources */ = {isa = PBXBuildFile; fileRef = FA06C7A52476B68200B8CD12 /* SecondView.swift */; };
		FA25CC4124672CDE00BA1B57 /* AppDelegate.swift in Sources */ = {isa = PBXBuildFile; fileRef = FA25CC4024672CDE00BA1B57 /* AppDelegate.swift */; };
		FA25CC4324672CDE00BA1B57 /* SceneDelegate.swift in Sources */ = {isa = PBXBuildFile; fileRef = FA25CC4224672CDE00BA1B57 /* SceneDelegate.swift */; };
		FA25CC4724672CE000BA1B57 /* Assets.xcassets in Resources */ = {isa = PBXBuildFile; fileRef = FA25CC4624672CE000BA1B57 /* Assets.xcassets */; };
		FA25CC4A24672CE000BA1B57 /* Preview Assets.xcassets in Resources */ = {isa = PBXBuildFile; fileRef = FA25CC4924672CE000BA1B57 /* Preview Assets.xcassets */; };
		FA25CC4D24672CE000BA1B57 /* LaunchScreen.storyboard in Resources */ = {isa = PBXBuildFile; fileRef = FA25CC4B24672CE000BA1B57 /* LaunchScreen.storyboard */; };
		FA4DE00024707A5C00A2D9C4 /* LoginForm.swift in Sources */ = {isa = PBXBuildFile; fileRef = FA4DDFFF24707A5C00A2D9C4 /* LoginForm.swift */; };
		FA88489F2475A56B00C375C0 /* HelpView.swift in Sources */ = {isa = PBXBuildFile; fileRef = FA88489E2475A56B00C375C0 /* HelpView.swift */; };
		FAB8DA1424746F1800FC93C5 /* Start.swift in Sources */ = {isa = PBXBuildFile; fileRef = FAB8DA1324746F1800FC93C5 /* Start.swift */; };
		FACCBCF5246837310060DABF /* Lobster.ttf in Resources */ = {isa = PBXBuildFile; fileRef = FACCBCF4246837310060DABF /* Lobster.ttf */; };
		FAD90BC72476C8A100808D96 /* RegForm.swift in Sources */ = {isa = PBXBuildFile; fileRef = FAD90BC62476C8A100808D96 /* RegForm.swift */; };
/* End PBXBuildFile section */

/* Begin PBXFileReference section */
		FA06C7A52476B68200B8CD12 /* SecondView.swift */ = {isa = PBXFileReference; lastKnownFileType = sourcecode.swift; path = SecondView.swift; sourceTree = "<group>"; };
		FA25CC3D24672CDE00BA1B57 /* MaryFIT.app */ = {isa = PBXFileReference; explicitFileType = wrapper.application; includeInIndex = 0; path = MaryFIT.app; sourceTree = BUILT_PRODUCTS_DIR; };
		FA25CC4024672CDE00BA1B57 /* AppDelegate.swift */ = {isa = PBXFileReference; lastKnownFileType = sourcecode.swift; path = AppDelegate.swift; sourceTree = "<group>"; };
		FA25CC4224672CDE00BA1B57 /* SceneDelegate.swift */ = {isa = PBXFileReference; lastKnownFileType = sourcecode.swift; path = SceneDelegate.swift; sourceTree = "<group>"; };
		FA25CC4624672CE000BA1B57 /* Assets.xcassets */ = {isa = PBXFileReference; lastKnownFileType = folder.assetcatalog; path = Assets.xcassets; sourceTree = "<group>"; };
		FA25CC4924672CE000BA1B57 /* Preview Assets.xcassets */ = {isa = PBXFileReference; lastKnownFileType = folder.assetcatalog; path = "Preview Assets.xcassets"; sourceTree = "<group>"; };
		FA25CC4C24672CE000BA1B57 /* Base */ = {isa = PBXFileReference; lastKnownFileType = file.storyboard; name = Base; path = Base.lproj/LaunchScreen.storyboard; sourceTree = "<group>"; };
		FA25CC4E24672CE000BA1B57 /* Info.plist */ = {isa = PBXFileReference; lastKnownFileType = text.plist.xml; path = Info.plist; sourceTree = "<group>"; };
		FA4DDFFF24707A5C00A2D9C4 /* LoginForm.swift */ = {isa = PBXFileReference; lastKnownFileType = sourcecode.swift; path = LoginForm.swift; sourceTree = "<group>"; };
		FA88489E2475A56B00C375C0 /* HelpView.swift */ = {isa = PBXFileReference; lastKnownFileType = sourcecode.swift; path = HelpView.swift; sourceTree = "<group>"; };
		FAB8DA1324746F1800FC93C5 /* Start.swift */ = {isa = PBXFileReference; lastKnownFileType = sourcecode.swift; path = Start.swift; sourceTree = "<group>"; };
		FACCBCF4246837310060DABF /* Lobster.ttf */ = {isa = PBXFileReference; lastKnownFileType = file; path = Lobster.ttf; sourceTree = "<group>"; };
		FAD90BC62476C8A100808D96 /* RegForm.swift */ = {isa = PBXFileReference; lastKnownFileType = sourcecode.swift; path = RegForm.swift; sourceTree = "<group>"; };
/* End PBXFileReference section */

/* Begin PBXFrameworksBuildPhase section */
		FA25CC3A24672CDE00BA1B57 /* Frameworks */ = {
			isa = PBXFrameworksBuildPhase;
			buildActionMask = 2147483647;
			files = (
			);
			runOnlyForDeploymentPostprocessing = 0;
		};
/* End PBXFrameworksBuildPhase section */

/* Begin PBXGroup section */
		FA25CC3424672CDE00BA1B57 = {
			isa = PBXGroup;
			children = (
				FA25CC3F24672CDE00BA1B57 /* MaryFIT_SwiftUI */,
				FA25CC3E24672CDE00BA1B57 /* Products */,
			);
			sourceTree = "<group>";
		};
		FA25CC3E24672CDE00BA1B57 /* Products */ = {
			isa = PBXGroup;
			children = (
				FA25CC3D24672CDE00BA1B57 /* MaryFIT.app */,
			);
			name = Products;
			sourceTree = "<group>";
		};
		FA25CC3F24672CDE00BA1B57 /* MaryFIT_SwiftUI */ = {
			isa = PBXGroup;
			children = (
				FA25CC4024672CDE00BA1B57 /* AppDelegate.swift */,
				FA25CC4224672CDE00BA1B57 /* SceneDelegate.swift */,
				FAB8DA1324746F1800FC93C5 /* Start.swift */,
				FA06C7A52476B68200B8CD12 /* SecondView.swift */,
				FA4DDFFF24707A5C00A2D9C4 /* LoginForm.swift */,
				FAD90BC62476C8A100808D96 /* RegForm.swift */,
				FA88489E2475A56B00C375C0 /* HelpView.swift */,
				FA25CC4624672CE000BA1B57 /* Assets.xcassets */,
				FA25CC4B24672CE000BA1B57 /* LaunchScreen.storyboard */,
				FA25CC4E24672CE000BA1B57 /* Info.plist */,
				FACCBCF6246837380060DABF /* Fonts */,
				FA25CC4824672CE000BA1B57 /* Preview Content */,
			);
			path = MaryFIT_SwiftUI;
			sourceTree = "<group>";
		};
		FA25CC4824672CE000BA1B57 /* Preview Content */ = {
			isa = PBXGroup;
			children = (
				FA25CC4924672CE000BA1B57 /* Preview Assets.xcassets */,
			);
			path = "Preview Content";
			sourceTree = "<group>";
		};
		FACCBCF6246837380060DABF /* Fonts */ = {
			isa = PBXGroup;
			children = (
				FACCBCF4246837310060DABF /* Lobster.ttf */,
			);
			path = Fonts;
			sourceTree = "<group>";
		};
/* End PBXGroup section */

/* Begin PBXNativeTarget section */
		FA25CC3C24672CDE00BA1B57 /* MaryFIT_SwiftUI */ = {
			isa = PBXNativeTarget;
			buildConfigurationList = FA25CC5124672CE000BA1B57 /* Build configuration list for PBXNativeTarget "MaryFIT_SwiftUI" */;
			buildPhases = (
				FA25CC3924672CDE00BA1B57 /* Sources */,
				FA25CC3A24672CDE00BA1B57 /* Frameworks */,
				FA25CC3B24672CDE00BA1B57 /* Resources */,
			);
			buildRules = (
			);
			dependencies = (
			);
			name = MaryFIT_SwiftUI;
			productName = MaryFIT_SwiftUI;
			productReference = FA25CC3D24672CDE00BA1B57 /* MaryFIT.app */;
			productType = "com.apple.product-type.application";
		};
/* End PBXNativeTarget section */

/* Begin PBXProject section */
		FA25CC3524672CDE00BA1B57 /* Project object */ = {
			isa = PBXProject;
			attributes = {
				LastSwiftUpdateCheck = 1130;
				LastUpgradeCheck = 1130;
				ORGANIZATIONNAME = "ALEKSANDR KIRILENKOV";
				TargetAttributes = {
					FA25CC3C24672CDE00BA1B57 = {
						CreatedOnToolsVersion = 11.3.1;
					};
				};
			};
			buildConfigurationList = FA25CC3824672CDE00BA1B57 /* Build configuration list for PBXProject "MaryFIT_SwiftUI" */;
			compatibilityVersion = "Xcode 9.3";
			developmentRegion = en;
			hasScannedForEncodings = 0;
			knownRegions = (
				en,
				Base,
			);
			mainGroup = FA25CC3424672CDE00BA1B57;
			productRefGroup = FA25CC3E24672CDE00BA1B57 /* Products */;
			projectDirPath = "";
			projectRoot = "";
			targets = (
				FA25CC3C24672CDE00BA1B57 /* MaryFIT_SwiftUI */,
			);
		};
/* End PBXProject section */

/* Begin PBXResourcesBuildPhase section */
		FA25CC3B24672CDE00BA1B57 /* Resources */ = {
			isa = PBXResourcesBuildPhase;
			buildActionMask = 2147483647;
			files = (
				FA25CC4D24672CE000BA1B57 /* LaunchScreen.storyboard in Resources */,
				FA25CC4A24672CE000BA1B57 /* Preview Assets.xcassets in Resources */,
				FACCBCF5246837310060DABF /* Lobster.ttf in Resources */,
				FA25CC4724672CE000BA1B57 /* Assets.xcassets in Resources */,
			);
			runOnlyForDeploymentPostprocessing = 0;
		};
/* End PBXResourcesBuildPhase section */

/* Begin PBXSourcesBuildPhase section */
		FA25CC3924672CDE00BA1B57 /* Sources */ = {
			isa = PBXSourcesBuildPhase;
			buildActionMask = 2147483647;
			files = (
				FA4DE00024707A5C00A2D9C4 /* LoginForm.swift in Sources */,
				FAB8DA1424746F1800FC93C5 /* Start.swift in Sources */,
				FA25CC4124672CDE00BA1B57 /* AppDelegate.swift in Sources */,
				FA88489F2475A56B00C375C0 /* HelpView.swift in Sources */,
				FA06C7A62476B68200B8CD12 /* SecondView.swift in Sources */,
				FA25CC4324672CDE00BA1B57 /* SceneDelegate.swift in Sources */,
				FAD90BC72476C8A100808D96 /* RegForm.swift in Sources */,
			);
			runOnlyForDeploymentPostprocessing = 0;
		};
/* End PBXSourcesBuildPhase section */

/* Begin PBXVariantGroup section */
		FA25CC4B24672CE000BA1B57 /* LaunchScreen.storyboard */ = {
			isa = PBXVariantGroup;
			children = (
				FA25CC4C24672CE000BA1B57 /* Base */,
			);
			name = LaunchScreen.storyboard;
			sourceTree = "<group>";
		};
/* End PBXVariantGroup section */

/* Begin XCBuildConfiguration section */
		FA25CC4F24672CE000BA1B57 /* Debug */ = {
			isa = XCBuildConfiguration;
			buildSettings = {
				ALWAYS_SEARCH_USER_PATHS = NO;
				CLANG_ANALYZER_NONNULL = YES;
				CLANG_ANALYZER_NUMBER_OBJECT_CONVERSION = YES_AGGRESSIVE;
				CLANG_CXX_LANGUAGE_STANDARD = "gnu++14";
				CLANG_CXX_LIBRARY = "libc++";
				CLANG_ENABLE_MODULES = YES;
				CLANG_ENABLE_OBJC_ARC = YES;
				CLANG_ENABLE_OBJC_WEAK = YES;
				CLANG_WARN_BLOCK_CAPTURE_AUTORELEASING = YES;
				CLANG_WARN_BOOL_CONVERSION = YES;
				CLANG_WARN_COMMA = YES;
				CLANG_WARN_CONSTANT_CONVERSION = YES;
				CLANG_WARN_DEPRECATED_OBJC_IMPLEMENTATIONS = YES;
				CLANG_WARN_DIRECT_OBJC_ISA_USAGE = YES_ERROR;
				CLANG_WARN_DOCUMENTATION_COMMENTS = YES;
				CLANG_WARN_EMPTY_BODY = YES;
				CLANG_WARN_ENUM_CONVERSION = YES;
				CLANG_WARN_INFINITE_RECURSION = YES;
				CLANG_WARN_INT_CONVERSION = YES;
				CLANG_WARN_NON_LITERAL_NULL_CONVERSION = YES;
				CLANG_WARN_OBJC_IMPLICIT_RETAIN_SELF = YES;
				CLANG_WARN_OBJC_LITERAL_CONVERSION = YES;
				CLANG_WARN_OBJC_ROOT_CLASS = YES_ERROR;
				CLANG_WARN_RANGE_LOOP_ANALYSIS = YES;
				CLANG_WARN_STRICT_PROTOTYPES = YES;
				CLANG_WARN_SUSPICIOUS_MOVE = YES;
				CLANG_WARN_UNGUARDED_AVAILABILITY = YES_AGGRESSIVE;
				CLANG_WARN_UNREACHABLE_CODE = YES;
				CLANG_WARN__DUPLICATE_METHOD_MATCH = YES;
				COPY_PHASE_STRIP = NO;
				DEBUG_INFORMATION_FORMAT = dwarf;
				ENABLE_STRICT_OBJC_MSGSEND = YES;
				ENABLE_TESTABILITY = YES;
				GCC_C_LANGUAGE_STANDARD = gnu11;
				GCC_DYNAMIC_NO_PIC = NO;
				GCC_NO_COMMON_BLOCKS = YES;
				GCC_OPTIMIZATION_LEVEL = 0;
				GCC_PREPROCESSOR_DEFINITIONS = (
					"DEBUG=1",
					"$(inherited)",
				);
				GCC_WARN_64_TO_32_BIT_CONVERSION = YES;
				GCC_WARN_ABOUT_RETURN_TYPE = YES_ERROR;
				GCC_WARN_UNDECLARED_SELECTOR = YES;
				GCC_WARN_UNINITIALIZED_AUTOS = YES_AGGRESSIVE;
				GCC_WARN_UNUSED_FUNCTION = YES;
				GCC_WARN_UNUSED_VARIABLE = YES;
				IPHONEOS_DEPLOYMENT_TARGET = 13.2;
				MTL_ENABLE_DEBUG_INFO = INCLUDE_SOURCE;
				MTL_FAST_MATH = YES;
				ONLY_ACTIVE_ARCH = YES;
				SDKROOT = iphoneos;
				SWIFT_ACTIVE_COMPILATION_CONDITIONS = DEBUG;
				SWIFT_OPTIMIZATION_LEVEL = "-Onone";
			};
			name = Debug;
		};
		FA25CC5024672CE000BA1B57 /* Release */ = {
			isa = XCBuildConfiguration;
			buildSettings = {
				ALWAYS_SEARCH_USER_PATHS = NO;
				CLANG_ANALYZER_NONNULL = YES;
				CLANG_ANALYZER_NUMBER_OBJECT_CONVERSION = YES_AGGRESSIVE;
				CLANG_CXX_LANGUAGE_STANDARD = "gnu++14";
				CLANG_CXX_LIBRARY = "libc++";
				CLANG_ENABLE_MODULES = YES;
				CLANG_ENABLE_OBJC_ARC = YES;
				CLANG_ENABLE_OBJC_WEAK = YES;
				CLANG_WARN_BLOCK_CAPTURE_AUTORELEASING = YES;
				CLANG_WARN_BOOL_CONVERSION = YES;
				CLANG_WARN_COMMA = YES;
				CLANG_WARN_CONSTANT_CONVERSION = YES;
				CLANG_WARN_DEPRECATED_OBJC_IMPLEMENTATIONS = YES;
				CLANG_WARN_DIRECT_OBJC_ISA_USAGE = YES_ERROR;
				CLANG_WARN_DOCUMENTATION_COMMENTS = YES;
				CLANG_WARN_EMPTY_BODY = YES;
				CLANG_WARN_ENUM_CONVERSION = YES;
				CLANG_WARN_INFINITE_RECURSION = YES;
				CLANG_WARN_INT_CONVERSION = YES;
				CLANG_WARN_NON_LITERAL_NULL_CONVERSION = YES;
				CLANG_WARN_OBJC_IMPLICIT_RETAIN_SELF = YES;
				CLANG_WARN_OBJC_LITERAL_CONVERSION = YES;
				CLANG_WARN_OBJC_ROOT_CLASS = YES_ERROR;
				CLANG_WARN_RANGE_LOOP_ANALYSIS = YES;
				CLANG_WARN_STRICT_PROTOTYPES = YES;
				CLANG_WARN_SUSPICIOUS_MOVE = YES;
				CLANG_WARN_UNGUARDED_AVAILABILITY = YES_AGGRESSIVE;
				CLANG_WARN_UNREACHABLE_CODE = YES;
				CLANG_WARN__DUPLICATE_METHOD_MATCH = YES;
				COPY_PHASE_STRIP = NO;
				DEBUG_INFORMATION_FORMAT = "dwarf-with-dsym";
				ENABLE_NS_ASSERTIONS = NO;
				ENABLE_STRICT_OBJC_MSGSEND = YES;
				GCC_C_LANGUAGE_STANDARD = gnu11;
				GCC_NO_COMMON_BLOCKS = YES;
				GCC_WARN_64_TO_32_BIT_CONVERSION = YES;
				GCC_WARN_ABOUT_RETURN_TYPE = YES_ERROR;
				GCC_WARN_UNDECLARED_SELECTOR = YES;
				GCC_WARN_UNINITIALIZED_AUTOS = YES_AGGRESSIVE;
				GCC_WARN_UNUSED_FUNCTION = YES;
				GCC_WARN_UNUSED_VARIABLE = YES;
				IPHONEOS_DEPLOYMENT_TARGET = 13.2;
				MTL_ENABLE_DEBUG_INFO = NO;
				MTL_FAST_MATH = YES;
				SDKROOT = iphoneos;
				SWIFT_COMPILATION_MODE = wholemodule;
				SWIFT_OPTIMIZATION_LEVEL = "-O";
				VALIDATE_PRODUCT = YES;
			};
			name = Release;
		};
		FA25CC5224672CE000BA1B57 /* Debug */ = {
			isa = XCBuildConfiguration;
			buildSettings = {
				ASSETCATALOG_COMPILER_APPICON_NAME = AppIcon;
				CODE_SIGN_STYLE = Automatic;
				DEVELOPMENT_ASSET_PATHS = "\"MaryFIT_SwiftUI/Preview Content\"";
				DEVELOPMENT_TEAM = D74U932N2V;
				ENABLE_PREVIEWS = YES;
				INFOPLIST_FILE = MaryFIT_SwiftUI/Info.plist;
				LD_RUNPATH_SEARCH_PATHS = (
					"$(inherited)",
					"@executable_path/Frameworks",
				);
				PRODUCT_BUNDLE_IDENTIFIER = "app.maryfit.MaryFIT-SwiftUI";
				PRODUCT_NAME = MaryFIT;
				SWIFT_VERSION = 5.0;
				TARGETED_DEVICE_FAMILY = "1,2";
			};
			name = Debug;
		};
		FA25CC5324672CE000BA1B57 /* Release */ = {
			isa = XCBuildConfiguration;
			buildSettings = {
				ASSETCATALOG_COMPILER_APPICON_NAME = AppIcon;
				CODE_SIGN_STYLE = Automatic;
				DEVELOPMENT_ASSET_PATHS = "\"MaryFIT_SwiftUI/Preview Content\"";
				DEVELOPMENT_TEAM = D74U932N2V;
				ENABLE_PREVIEWS = YES;
				INFOPLIST_FILE = MaryFIT_SwiftUI/Info.plist;
				LD_RUNPATH_SEARCH_PATHS = (
					"$(inherited)",
					"@executable_path/Frameworks",
				);
				PRODUCT_BUNDLE_IDENTIFIER = "app.maryfit.MaryFIT-SwiftUI";
				PRODUCT_NAME = MaryFIT;
				SWIFT_VERSION = 5.0;
				TARGETED_DEVICE_FAMILY = "1,2";
			};
			name = Release;
		};
/* End XCBuildConfiguration section */

/* Begin XCConfigurationList section */
		FA25CC3824672CDE00BA1B57 /* Build configuration list for PBXProject "MaryFIT_SwiftUI" */ = {
			isa = XCConfigurationList;
			buildConfigurations = (
				FA25CC4F24672CE000BA1B57 /* Debug */,
				FA25CC5024672CE000BA1B57 /* Release */,
			);
			defaultConfigurationIsVisible = 0;
			defaultConfigurationName = Release;
		};
		FA25CC5124672CE000BA1B57 /* Build configuration list for PBXNativeTarget "MaryFIT_SwiftUI" */ = {
			isa = XCConfigurationList;
			buildConfigurations = (
				FA25CC5224672CE000BA1B57 /* Debug */,
				FA25CC5324672CE000BA1B57 /* Release */,
			);
			defaultConfigurationIsVisible = 0;
			defaultConfigurationName = Release;
		};
/* End XCConfigurationList section */
	};
	rootObject = FA25CC3524672CDE00BA1B57 /* Project object */;
}
